
Microsoft Visual Studio Solution File, Format Version 12.00
# Visual Studio Version 17
VisualStudioVersion = 17.6.33723.286
MinimumVisualStudioVersion = 10.0.40219.1
Project("{FAE04EC0-301F-11D3-BF4B-00C04F79EFBC}") = "Jikan.WebApi", "Jikan.WebApi\Jikan.WebApi.csproj", "{BC496546-170E-4210-B41A-64B74A9C6C6F}"
EndProject
Global
	GlobalSection(SolutionConfigurationPlatforms) = preSolution
		Debug|Any CPU = Debug|Any CPU
		Release|Any CPU = Release|Any CPU
	EndGlobalSection
	GlobalSection(ProjectConfigurationPlatforms) = postSolution
		{BC496546-170E-4210-B41A-64B74A9C6C6F}.Debug|Any CPU.ActiveCfg = Debug|Any CPU
		{BC496546-170E-4210-B41A-64B74A9C6C6F}.Debug|Any CPU.Build.0 = Debug|Any CPU
		{BC496546-170E-4210-B41A-64B74A9C6C6F}.Release|Any CPU.ActiveCfg = Release|Any CPU
		{BC496546-170E-4210-B41A-64B74A9C6C6F}.Release|Any CPU.Build.0 = Release|Any CPU
	EndGlobalSection
	GlobalSection(SolutionProperties) = preSolution
		HideSolutionNode = FALSE
	EndGlobalSection
	GlobalSection(ExtensibilityGlobals) = postSolution
		SolutionGuid = {56FBF3A8-E3BA-4893-BD51-4A350A137545}
	EndGlobalSection
EndGlobal
